
Microsoft Visual Studio Solution File, Format Version 12.00
# Visual Studio Version 16
VisualStudioVersion = 16.0.30517.126
MinimumVisualStudioVersion = 10.0.40219.1
Project("{FAE04EC0-301F-11D3-BF4B-00C04F79EFBC}") = "ExercisesPart1", "ExercisesPart1\ExercisesPart1.csproj", "{70D64B37-CDD8-40DA-8182-F01B8AE55B64}"
EndProject
Project("{FAE04EC0-301F-11D3-BF4B-00C04F79EFBC}") = "PersonalityTest", "PersonalityTest\PersonalityTest.csproj", "{6DD07D18-71B6-44B0-A188-35343DCB1008}"
EndProject
Global
	GlobalSection(SolutionConfigurationPlatforms) = preSolution
		Debug|Any CPU = Debug|Any CPU
		Release|Any CPU = Release|Any CPU
	EndGlobalSection
	GlobalSection(ProjectConfigurationPlatforms) = postSolution
		{70D64B37-CDD8-40DA-8182-F01B8AE55B64}.Debug|Any CPU.ActiveCfg = Debug|Any CPU
		{70D64B37-CDD8-40DA-8182-F01B8AE55B64}.Debug|Any CPU.Build.0 = Debug|Any CPU
		{70D64B37-CDD8-40DA-8182-F01B8AE55B64}.Release|Any CPU.ActiveCfg = Release|Any CPU
		{70D64B37-CDD8-40DA-8182-F01B8AE55B64}.Release|Any CPU.Build.0 = Release|Any CPU
		{6DD07D18-71B6-44B0-A188-35343DCB1008}.Debug|Any CPU.ActiveCfg = Debug|Any CPU
		{6DD07D18-71B6-44B0-A188-35343DCB1008}.Debug|Any CPU.Build.0 = Debug|Any CPU
		{6DD07D18-71B6-44B0-A188-35343DCB1008}.Release|Any CPU.ActiveCfg = Release|Any CPU
		{6DD07D18-71B6-44B0-A188-35343DCB1008}.Release|Any CPU.Build.0 = Release|Any CPU
	EndGlobalSection
	GlobalSection(SolutionProperties) = preSolution
		HideSolutionNode = FALSE
	EndGlobalSection
	GlobalSection(ExtensibilityGlobals) = postSolution
		SolutionGuid = {6533187F-47A8-4127-9BE8-33AEB843E7CC}
	EndGlobalSection
EndGlobal
